
Microsoft Visual Studio Solution File, Format Version 11.00
# Visual Studio 2010
Project("{8BC9CEB8-8B4A-11D0-8D11-00A0C91BC942}") = "TCP-UDP Echo Client-Server", "TCP-UDP Echo Client-Server.vcxproj", "{5144C438-15E5-4741-BCC2-C91E3B9D3047}"
EndProject
Global
	GlobalSection(SolutionConfigurationPlatforms) = preSolution
		Debug|Win32 = Debug|Win32
		Release|Win32 = Release|Win32
	EndGlobalSection
	GlobalSection(ProjectConfigurationPlatforms) = postSolution
		{5144C438-15E5-4741-BCC2-C91E3B9D3047}.Debug|Win32.ActiveCfg = Debug|Win32
		{5144C438-15E5-4741-BCC2-C91E3B9D3047}.Debug|Win32.Build.0 = Debug|Win32
		{5144C438-15E5-4741-BCC2-C91E3B9D3047}.Release|Win32.ActiveCfg = Release|Win32
		{5144C438-15E5-4741-BCC2-C91E3B9D3047}.Release|Win32.Build.0 = Release|Win32
	EndGlobalSection
	GlobalSection(SolutionProperties) = preSolution
		HideSolutionNode = FALSE
	EndGlobalSection
EndGlobal
